
Microsoft Visual Studio Solution File, Format Version 12.00
Project("{FAE04EC0-301F-11D3-BF4B-00C04F79EFBC}") = "FPP", "FPP\FPP.csproj", "{DC74933C-F80B-4F8D-AD40-0B7F995A0770}"
EndProject
Global
	GlobalSection(SolutionConfigurationPlatforms) = preSolution
		Debug|Any CPU = Debug|Any CPU
		Release|Any CPU = Release|Any CPU
	EndGlobalSection
	GlobalSection(ProjectConfigurationPlatforms) = postSolution
		{DC74933C-F80B-4F8D-AD40-0B7F995A0770}.Debug|Any CPU.ActiveCfg = Debug|Any CPU
		{DC74933C-F80B-4F8D-AD40-0B7F995A0770}.Debug|Any CPU.Build.0 = Debug|Any CPU
		{DC74933C-F80B-4F8D-AD40-0B7F995A0770}.Release|Any CPU.ActiveCfg = Release|Any CPU
		{DC74933C-F80B-4F8D-AD40-0B7F995A0770}.Release|Any CPU.Build.0 = Release|Any CPU
	EndGlobalSection
EndGlobal
