
Microsoft Visual Studio Solution File, Format Version 12.00
Project("{FAE04EC0-301F-11D3-BF4B-00C04F79EFBC}") = "FPP", "FPP\FPP.csproj", "{898A365E-4CBB-4746-824D-4D1F8B277D1B}"
EndProject
Global
	GlobalSection(SolutionConfigurationPlatforms) = preSolution
		Debug|Any CPU = Debug|Any CPU
		Release|Any CPU = Release|Any CPU
	EndGlobalSection
	GlobalSection(ProjectConfigurationPlatforms) = postSolution
		{898A365E-4CBB-4746-824D-4D1F8B277D1B}.Debug|Any CPU.ActiveCfg = Debug|Any CPU
		{898A365E-4CBB-4746-824D-4D1F8B277D1B}.Debug|Any CPU.Build.0 = Debug|Any CPU
		{898A365E-4CBB-4746-824D-4D1F8B277D1B}.Release|Any CPU.ActiveCfg = Release|Any CPU
		{898A365E-4CBB-4746-824D-4D1F8B277D1B}.Release|Any CPU.Build.0 = Release|Any CPU
	EndGlobalSection
EndGlobal
